
Microsoft Visual Studio Solution File, Format Version 12.00
# Visual Studio 15
VisualStudioVersion = 15.0.26730.16
MinimumVisualStudioVersion = 10.0.40219.1
Project("{FAE04EC0-301F-11D3-BF4B-00C04F79EFBC}") = "ToFix", "ToFix\ToFix.csproj", "{50E5FDFA-226B-4AD5-A856-642E7DF63836}"
EndProject
Global
	GlobalSection(SolutionConfigurationPlatforms) = preSolution
		Debug|Any CPU = Debug|Any CPU
		Release|Any CPU = Release|Any CPU
	EndGlobalSection
	GlobalSection(ProjectConfigurationPlatforms) = postSolution
		{50E5FDFA-226B-4AD5-A856-642E7DF63836}.Debug|Any CPU.ActiveCfg = Debug|Any CPU
		{50E5FDFA-226B-4AD5-A856-642E7DF63836}.Debug|Any CPU.Build.0 = Debug|Any CPU
		{50E5FDFA-226B-4AD5-A856-642E7DF63836}.Release|Any CPU.ActiveCfg = Release|Any CPU
		{50E5FDFA-226B-4AD5-A856-642E7DF63836}.Release|Any CPU.Build.0 = Release|Any CPU
	EndGlobalSection
	GlobalSection(SolutionProperties) = preSolution
		HideSolutionNode = FALSE
	EndGlobalSection
	GlobalSection(ExtensibilityGlobals) = postSolution
		SolutionGuid = {13E5134F-9E15-4CF4-9FC3-D69C3FCF3615}
	EndGlobalSection
EndGlobal
