
Microsoft Visual Studio Solution File, Format Version 12.00
# Visual Studio 15
VisualStudioVersion = 15.0.28010.2003
MinimumVisualStudioVersion = 10.0.40219.1
Project("{FAE04EC0-301F-11D3-BF4B-00C04F79EFBC}") = "AcumaticaPlagiarism", "AcumaticaPlagiarism\AcumaticaPlagiarism.csproj", "{7CB50417-D544-4302-8F4F-300A26570A98}"
EndProject
Project("{FAE04EC0-301F-11D3-BF4B-00C04F79EFBC}") = "AcumaticaPlagiarism.Tests", "AcumaticaPlagiarism.Tests\AcumaticaPlagiarism.Tests.csproj", "{88D39887-A804-4ECC-8D1D-F3B44928C921}"
EndProject
Global
	GlobalSection(SolutionConfigurationPlatforms) = preSolution
		Debug|Any CPU = Debug|Any CPU
		Release|Any CPU = Release|Any CPU
	EndGlobalSection
	GlobalSection(ProjectConfigurationPlatforms) = postSolution
		{7CB50417-D544-4302-8F4F-300A26570A98}.Debug|Any CPU.ActiveCfg = Debug|Any CPU
		{7CB50417-D544-4302-8F4F-300A26570A98}.Debug|Any CPU.Build.0 = Debug|Any CPU
		{7CB50417-D544-4302-8F4F-300A26570A98}.Release|Any CPU.ActiveCfg = Release|Any CPU
		{7CB50417-D544-4302-8F4F-300A26570A98}.Release|Any CPU.Build.0 = Release|Any CPU
		{88D39887-A804-4ECC-8D1D-F3B44928C921}.Debug|Any CPU.ActiveCfg = Debug|Any CPU
		{88D39887-A804-4ECC-8D1D-F3B44928C921}.Debug|Any CPU.Build.0 = Debug|Any CPU
		{88D39887-A804-4ECC-8D1D-F3B44928C921}.Release|Any CPU.ActiveCfg = Release|Any CPU
		{88D39887-A804-4ECC-8D1D-F3B44928C921}.Release|Any CPU.Build.0 = Release|Any CPU
	EndGlobalSection
	GlobalSection(SolutionProperties) = preSolution
		HideSolutionNode = FALSE
	EndGlobalSection
	GlobalSection(ExtensibilityGlobals) = postSolution
		SolutionGuid = {B8040145-D15E-43D9-88F7-ACA82883E427}
	EndGlobalSection
EndGlobal
