
Microsoft Visual Studio Solution File, Format Version 12.00
# Visual Studio Version 17
VisualStudioVersion = 17.5.002.0
MinimumVisualStudioVersion = 10.0.40219.1
Project("{9A19103F-16F7-4668-BE54-9A1E7A4F7556}") = "Acuminator.Analyzers", "Acuminator.Analyzers\Acuminator.Analyzers.csproj", "{D1C3DFCA-A6D7-4309-93DE-A12CF566EA57}"
EndProject
Project("{9A19103F-16F7-4668-BE54-9A1E7A4F7556}") = "Acuminator.Tests", "Acuminator.Tests\Acuminator.Tests.csproj", "{42807D9E-5455-4AE1-950E-76D8008589DA}"
EndProject
Project("{9A19103F-16F7-4668-BE54-9A1E7A4F7556}") = "Acuminator.Utilities", "Acuminator.Utilities\Acuminator.Utilities.csproj", "{76F0C2AD-FFA4-4D5E-9581-35E798C10587}"
EndProject
Project("{9A19103F-16F7-4668-BE54-9A1E7A4F7556}") = "Acuminator.Vsix", "Acuminator.Vsix\Acuminator.Vsix.csproj", "{6987F57D-BAE9-4A13-A846-217D814F09D3}"
EndProject
Global
	GlobalSection(SolutionConfigurationPlatforms) = preSolution
		Debug|Any CPU = Debug|Any CPU
		Release|Any CPU = Release|Any CPU
	EndGlobalSection
	GlobalSection(ProjectConfigurationPlatforms) = postSolution
		{D1C3DFCA-A6D7-4309-93DE-A12CF566EA57}.Debug|Any CPU.ActiveCfg = Debug|Any CPU
		{D1C3DFCA-A6D7-4309-93DE-A12CF566EA57}.Debug|Any CPU.Build.0 = Debug|Any CPU
		{D1C3DFCA-A6D7-4309-93DE-A12CF566EA57}.Release|Any CPU.ActiveCfg = Release|Any CPU
		{D1C3DFCA-A6D7-4309-93DE-A12CF566EA57}.Release|Any CPU.Build.0 = Release|Any CPU
		{42807D9E-5455-4AE1-950E-76D8008589DA}.Debug|Any CPU.ActiveCfg = Debug|Any CPU
		{42807D9E-5455-4AE1-950E-76D8008589DA}.Debug|Any CPU.Build.0 = Debug|Any CPU
		{42807D9E-5455-4AE1-950E-76D8008589DA}.Release|Any CPU.ActiveCfg = Release|Any CPU
		{42807D9E-5455-4AE1-950E-76D8008589DA}.Release|Any CPU.Build.0 = Release|Any CPU
		{76F0C2AD-FFA4-4D5E-9581-35E798C10587}.Debug|Any CPU.ActiveCfg = Debug|Any CPU
		{76F0C2AD-FFA4-4D5E-9581-35E798C10587}.Debug|Any CPU.Build.0 = Debug|Any CPU
		{76F0C2AD-FFA4-4D5E-9581-35E798C10587}.Release|Any CPU.ActiveCfg = Release|Any CPU
		{76F0C2AD-FFA4-4D5E-9581-35E798C10587}.Release|Any CPU.Build.0 = Release|Any CPU
		{6987F57D-BAE9-4A13-A846-217D814F09D3}.Debug|Any CPU.ActiveCfg = Debug|Any CPU
		{6987F57D-BAE9-4A13-A846-217D814F09D3}.Debug|Any CPU.Build.0 = Debug|Any CPU
		{6987F57D-BAE9-4A13-A846-217D814F09D3}.Release|Any CPU.ActiveCfg = Release|Any CPU
		{6987F57D-BAE9-4A13-A846-217D814F09D3}.Release|Any CPU.Build.0 = Release|Any CPU
	EndGlobalSection
	GlobalSection(SolutionProperties) = preSolution
		HideSolutionNode = FALSE
	EndGlobalSection
	GlobalSection(ExtensibilityGlobals) = postSolution
		SolutionGuid = {0C091EE8-3A08-4E48-941E-12018230C6A1}
	EndGlobalSection
EndGlobal
