
Microsoft Visual Studio Solution File, Format Version 12.00
# Visual Studio Version 17
VisualStudioVersion = 17.0.31919.166
MinimumVisualStudioVersion = 10.0.40219.1
Project("{9A19103F-16F7-4668-BE54-9A1E7A4F7556}") = "Acuminator.Analyzers", "Acuminator\Acuminator.Analyzers\Acuminator.Analyzers.csproj", "{984DBFAC-91A7-4059-A5B2-CDE33CD93EA0}"
EndProject
Project("{FAE04EC0-301F-11D3-BF4B-00C04F79EFBC}") = "Acuminator.Tests", "Acuminator\Acuminator.Tests\Acuminator.Tests.csproj", "{3C74FF92-B17D-4C26-A16E-FCB5348C5B46}"
EndProject
Project("{FAE04EC0-301F-11D3-BF4B-00C04F79EFBC}") = "Acuminator.Vsix", "Acuminator\Acuminator.Vsix\Acuminator.Vsix.csproj", "{6DEB14BB-D8F6-4F5B-BBD7-E756CEB67D42}"
EndProject
Project("{9A19103F-16F7-4668-BE54-9A1E7A4F7556}") = "Acuminator.Utilities", "Acuminator\Acuminator.Utilities\Acuminator.Utilities.csproj", "{B902103C-831B-4BBF-A88B-3DAE6F601CF0}"
EndProject
Project("{2150E333-8FDC-42A3-9474-1A3956D46DE8}") = "Solution Items", "Solution Items", "{487FB3A9-418F-410F-8904-764EB34A3CBC}"
	ProjectSection(SolutionItems) = preProject
		.editorconfig = .editorconfig
	EndProjectSection
EndProject
Global
	GlobalSection(SolutionConfigurationPlatforms) = preSolution
		Debug|Any CPU = Debug|Any CPU
		Release|Any CPU = Release|Any CPU
	EndGlobalSection
	GlobalSection(ProjectConfigurationPlatforms) = postSolution
		{984DBFAC-91A7-4059-A5B2-CDE33CD93EA0}.Debug|Any CPU.ActiveCfg = Debug|Any CPU
		{984DBFAC-91A7-4059-A5B2-CDE33CD93EA0}.Debug|Any CPU.Build.0 = Debug|Any CPU
		{984DBFAC-91A7-4059-A5B2-CDE33CD93EA0}.Release|Any CPU.ActiveCfg = Release|Any CPU
		{984DBFAC-91A7-4059-A5B2-CDE33CD93EA0}.Release|Any CPU.Build.0 = Release|Any CPU
		{3C74FF92-B17D-4C26-A16E-FCB5348C5B46}.Debug|Any CPU.ActiveCfg = Debug|Any CPU
		{3C74FF92-B17D-4C26-A16E-FCB5348C5B46}.Debug|Any CPU.Build.0 = Debug|Any CPU
		{3C74FF92-B17D-4C26-A16E-FCB5348C5B46}.Release|Any CPU.ActiveCfg = Release|Any CPU
		{3C74FF92-B17D-4C26-A16E-FCB5348C5B46}.Release|Any CPU.Build.0 = Release|Any CPU
		{6DEB14BB-D8F6-4F5B-BBD7-E756CEB67D42}.Debug|Any CPU.ActiveCfg = Debug|Any CPU
		{6DEB14BB-D8F6-4F5B-BBD7-E756CEB67D42}.Debug|Any CPU.Build.0 = Debug|Any CPU
		{6DEB14BB-D8F6-4F5B-BBD7-E756CEB67D42}.Release|Any CPU.ActiveCfg = Release|Any CPU
		{6DEB14BB-D8F6-4F5B-BBD7-E756CEB67D42}.Release|Any CPU.Build.0 = Release|Any CPU
		{B902103C-831B-4BBF-A88B-3DAE6F601CF0}.Debug|Any CPU.ActiveCfg = Debug|Any CPU
		{B902103C-831B-4BBF-A88B-3DAE6F601CF0}.Debug|Any CPU.Build.0 = Debug|Any CPU
		{B902103C-831B-4BBF-A88B-3DAE6F601CF0}.Release|Any CPU.ActiveCfg = Release|Any CPU
		{B902103C-831B-4BBF-A88B-3DAE6F601CF0}.Release|Any CPU.Build.0 = Release|Any CPU
	EndGlobalSection
	GlobalSection(SolutionProperties) = preSolution
		HideSolutionNode = FALSE
	EndGlobalSection
	GlobalSection(ExtensibilityGlobals) = postSolution
		SolutionGuid = {CA9909CB-EB85-43E3-8C21-0EFA82420B30}
	EndGlobalSection
EndGlobal
