
Microsoft Visual Studio Solution File, Format Version 12.00
# Visual Studio Version 17
VisualStudioVersion = 17.10.35122.118
MinimumVisualStudioVersion = 10.0.40219.1
Project("{FAE04EC0-301F-11D3-BF4B-00C04F79EFBC}") = "ExternalDependency", "ExternalDependency.csproj", "{A32D12E5-F80F-40DF-9D5D-126C3CB1444A}"
EndProject
Global
	GlobalSection(SolutionConfigurationPlatforms) = preSolution
		Debug|Any CPU = Debug|Any CPU
		Release|Any CPU = Release|Any CPU
	EndGlobalSection
	GlobalSection(ProjectConfigurationPlatforms) = postSolution
		{A32D12E5-F80F-40DF-9D5D-126C3CB1444A}.Debug|Any CPU.ActiveCfg = Debug|Any CPU
		{A32D12E5-F80F-40DF-9D5D-126C3CB1444A}.Debug|Any CPU.Build.0 = Debug|Any CPU
		{A32D12E5-F80F-40DF-9D5D-126C3CB1444A}.Release|Any CPU.ActiveCfg = Release|Any CPU
		{A32D12E5-F80F-40DF-9D5D-126C3CB1444A}.Release|Any CPU.Build.0 = Release|Any CPU
	EndGlobalSection
	GlobalSection(SolutionProperties) = preSolution
		HideSolutionNode = FALSE
	EndGlobalSection
	GlobalSection(ExtensibilityGlobals) = postSolution
		SolutionGuid = {8B0FF495-B07D-4428-A5E7-7A06BB97A3AF}
	EndGlobalSection
EndGlobal
